
Microsoft Visual Studio Solution File, Format Version 12.00
# Visual Studio Version 17
VisualStudioVersion = 17.9.34728.123
MinimumVisualStudioVersion = 10.0.40219.1
Project("{FAE04EC0-301F-11D3-BF4B-00C04F79EFBC}") = "BasketballTournament", "BasketballTournament.csproj", "{811A1114-731C-4BCD-AD15-06CF6553A428}"
EndProject
Global
	GlobalSection(SolutionConfigurationPlatforms) = preSolution
		Debug|Any CPU = Debug|Any CPU
		Release|Any CPU = Release|Any CPU
	EndGlobalSection
	GlobalSection(ProjectConfigurationPlatforms) = postSolution
		{811A1114-731C-4BCD-AD15-06CF6553A428}.Debug|Any CPU.ActiveCfg = Debug|Any CPU
		{811A1114-731C-4BCD-AD15-06CF6553A428}.Debug|Any CPU.Build.0 = Debug|Any CPU
		{811A1114-731C-4BCD-AD15-06CF6553A428}.Release|Any CPU.ActiveCfg = Release|Any CPU
		{811A1114-731C-4BCD-AD15-06CF6553A428}.Release|Any CPU.Build.0 = Release|Any CPU
	EndGlobalSection
	GlobalSection(SolutionProperties) = preSolution
		HideSolutionNode = FALSE
	EndGlobalSection
	GlobalSection(ExtensibilityGlobals) = postSolution
		SolutionGuid = {ECDF5C18-237A-4B6F-B553-13B24EAD8BAC}
	EndGlobalSection
EndGlobal
